
Microsoft Visual Studio Solution File, Format Version 12.00
# Visual Studio Version 17
VisualStudioVersion = 17.5.33530.505
MinimumVisualStudioVersion = 10.0.40219.1
Project("{FAE04EC0-301F-11D3-BF4B-00C04F79EFBC}") = "WeatherDetails", "Src\WeatherDetails.csproj", "{7D893DF7-989A-4F6F-BCBB-55CD723D594C}"
EndProject
Project("{FAE04EC0-301F-11D3-BF4B-00C04F79EFBC}") = "WeatherDetailsTest", "Test\WeatherDetailsTest.csproj", "{B549F1CD-85B6-4D16-9AF6-3968BA514041}"
EndProject
Global
	GlobalSection(SolutionConfigurationPlatforms) = preSolution
		Debug|Any CPU = Debug|Any CPU
		Release|Any CPU = Release|Any CPU
	EndGlobalSection
	GlobalSection(ProjectConfigurationPlatforms) = postSolution
		{7D893DF7-989A-4F6F-BCBB-55CD723D594C}.Debug|Any CPU.ActiveCfg = Debug|Any CPU
		{7D893DF7-989A-4F6F-BCBB-55CD723D594C}.Debug|Any CPU.Build.0 = Debug|Any CPU
		{7D893DF7-989A-4F6F-BCBB-55CD723D594C}.Release|Any CPU.ActiveCfg = Release|Any CPU
		{7D893DF7-989A-4F6F-BCBB-55CD723D594C}.Release|Any CPU.Build.0 = Release|Any CPU
		{B549F1CD-85B6-4D16-9AF6-3968BA514041}.Debug|Any CPU.ActiveCfg = Debug|Any CPU
		{B549F1CD-85B6-4D16-9AF6-3968BA514041}.Debug|Any CPU.Build.0 = Debug|Any CPU
		{B549F1CD-85B6-4D16-9AF6-3968BA514041}.Release|Any CPU.ActiveCfg = Release|Any CPU
		{B549F1CD-85B6-4D16-9AF6-3968BA514041}.Release|Any CPU.Build.0 = Release|Any CPU
	EndGlobalSection
	GlobalSection(SolutionProperties) = preSolution
		HideSolutionNode = FALSE
	EndGlobalSection
	GlobalSection(ExtensibilityGlobals) = postSolution
		SolutionGuid = {08E03120-3ABB-4576-85BC-C90DF6E6F89D}
	EndGlobalSection
EndGlobal
